PODS:
  - Capacitor (5.6.0):
    - CapacitorCordova
  - CapacitorApp (5.0.7):
    - Capacitor
  - CapacitorCordova (5.6.0)
  - CapacitorDevice (5.0.7):
    - Capacitor
  - CapacitorHaptics (5.0.7):
    - Capacitor
  - CapacitorPreferences (5.0.7):
    - Capacitor
  - CapacitorPushNotifications (5.1.1):
    - Capacitor
  - CapacitorSplashScreen (5.0.7):
    - Capacitor

DEPENDENCIES:
  - "Capacitor (from `../../node_modules/.pnpm/@capacitor+ios@5.6.0_@capacitor+core@5.6.0/node_modules/@capacitor/ios`)"
  - "CapacitorApp (from `../../node_modules/.pnpm/@capacitor+app@5.0.7_@capacitor+core@5.6.0/node_modules/@capacitor/app`)"
  - "CapacitorCordova (from `../../node_modules/.pnpm/@capacitor+ios@5.6.0_@capacitor+core@5.6.0/node_modules/@capacitor/ios`)"
  - "CapacitorDevice (from `../../node_modules/.pnpm/@capacitor+device@5.0.7_@capacitor+core@5.6.0/node_modules/@capacitor/device`)"
  - "CapacitorHaptics (from `../../node_modules/.pnpm/@capacitor+haptics@5.0.7_@capacitor+core@5.6.0/node_modules/@capacitor/haptics`)"
  - "CapacitorPreferences (from `../../node_modules/.pnpm/@capacitor+preferences@5.0.7_@capacitor+core@5.6.0/node_modules/@capacitor/preferences`)"
  - "CapacitorPushNotifications (from `../../node_modules/.pnpm/@capacitor+push-notifications@5.1.1_@capacitor+core@5.6.0/node_modules/@capacitor/push-notifications`)"
  - "CapacitorSplashScreen (from `../../node_modules/.pnpm/@capacitor+splash-screen@5.0.7_@capacitor+core@5.6.0/node_modules/@capacitor/splash-screen`)"

EXTERNAL SOURCES:
  Capacitor:
    :path: "../../node_modules/.pnpm/@capacitor+ios@5.6.0_@capacitor+core@5.6.0/node_modules/@capacitor/ios"
  CapacitorApp:
    :path: "../../node_modules/.pnpm/@capacitor+app@5.0.7_@capacitor+core@5.6.0/node_modules/@capacitor/app"
  CapacitorCordova:
    :path: "../../node_modules/.pnpm/@capacitor+ios@5.6.0_@capacitor+core@5.6.0/node_modules/@capacitor/ios"
  CapacitorDevice:
    :path: "../../node_modules/.pnpm/@capacitor+device@5.0.7_@capacitor+core@5.6.0/node_modules/@capacitor/device"
  CapacitorHaptics:
    :path: "../../node_modules/.pnpm/@capacitor+haptics@5.0.7_@capacitor+core@5.6.0/node_modules/@capacitor/haptics"
  CapacitorPreferences:
    :path: "../../node_modules/.pnpm/@capacitor+preferences@5.0.7_@capacitor+core@5.6.0/node_modules/@capacitor/preferences"
  CapacitorPushNotifications:
    :path: "../../node_modules/.pnpm/@capacitor+push-notifications@5.1.1_@capacitor+core@5.6.0/node_modules/@capacitor/push-notifications"
  CapacitorSplashScreen:
    :path: "../../node_modules/.pnpm/@capacitor+splash-screen@5.0.7_@capacitor+core@5.6.0/node_modules/@capacitor/splash-screen"

SPEC CHECKSUMS:
  Capacitor: ebfc16cdb8116d04c101686b080342872da42d43
  CapacitorApp: 17fecd0e6cb23feafac7eb0939417389038b0979
  CapacitorCordova: 931b48fcdbc9bc985fc2f16cec9f77c794a27729
  CapacitorDevice: fc91bdb484dc0e70755e9b621cd557afe642613a
  CapacitorHaptics: 7c7c206f0c96a628fed073830c96d28c4b2e772e
  CapacitorPreferences: 77ac427e98db83bace772455f8ba447430382c4c
  CapacitorPushNotifications: 2327900bc002f5ff49ee6d2231796d0635b4a1b0
  CapacitorSplashScreen: dd3de3f3644710fa2a697cfb91ec262eece4d242

PODFILE CHECKSUM: 675d9bf1d1e4838318f25a07433db2a3eec39cb3

COCOAPODS: 1.15.0
